
Microsoft Visual Studio Solution File, Format Version 12.00
# Visual Studio Version 17
VisualStudioVersion = 17.9.34728.123
MinimumVisualStudioVersion = 10.0.40219.1
Project("{FAE04EC0-301F-11D3-BF4B-00C04F79EFBC}") = "FinShark", "FinShark\FinShark.csproj", "{A568B528-0223-4487-B82E-3E3F3D7FAA77}"
EndProject
Global
	GlobalSection(SolutionConfigurationPlatforms) = preSolution
		Debug|Any CPU = Debug|Any CPU
		Release|Any CPU = Release|Any CPU
	EndGlobalSection
	GlobalSection(ProjectConfigurationPlatforms) = postSolution
		{A568B528-0223-4487-B82E-3E3F3D7FAA77}.Debug|Any CPU.ActiveCfg = Debug|Any CPU
		{A568B528-0223-4487-B82E-3E3F3D7FAA77}.Debug|Any CPU.Build.0 = Debug|Any CPU
		{A568B528-0223-4487-B82E-3E3F3D7FAA77}.Release|Any CPU.ActiveCfg = Release|Any CPU
		{A568B528-0223-4487-B82E-3E3F3D7FAA77}.Release|Any CPU.Build.0 = Release|Any CPU
	EndGlobalSection
	GlobalSection(SolutionProperties) = preSolution
		HideSolutionNode = FALSE
	EndGlobalSection
	GlobalSection(ExtensibilityGlobals) = postSolution
		SolutionGuid = {6D9D55DC-1388-4556-AB26-3DDE176447B0}
	EndGlobalSection
EndGlobal
